// !$*UTF8*$!
{
	archiveVersion = 1;
	classes = {
	};
	objectVersion = 50;
	objects = {

/* Begin PBXBuildFile section */
		E078EFF425DD430100FA2152 /* AppDelegate.swift in Sources */ = {isa = PBXBuildFile; fileRef = E078EFF325DD430100FA2152 /* AppDelegate.swift */; };
		E078EFF625DD430100FA2152 /* ViewController.swift in Sources */ = {isa = PBXBuildFile; fileRef = E078EFF525DD430100FA2152 /* ViewController.swift */; };
		E078EFF825DD430100FA2152 /* Assets.xcassets in Resources */ = {isa = PBXBuildFile; fileRef = E078EFF725DD430100FA2152 /* Assets.xcassets */; };
		E078EFFB25DD430100FA2152 /* Main.storyboard in Resources */ = {isa = PBXBuildFile; fileRef = E078EFF925DD430100FA2152 /* Main.storyboard */; };
		E078F00D25DD45D100FA2152 /* ViewModel.swift in Sources */ = {isa = PBXBuildFile; fileRef = E078F00C25DD45D100FA2152 /* ViewModel.swift */; };
		E078F01125DD46B700FA2152 /* NumberModel.swift in Sources */ = {isa = PBXBuildFile; fileRef = E078F01025DD46B700FA2152 /* NumberModel.swift */; };
		E078F01625DD725200FA2152 /* CheckModel.swift in Sources */ = {isa = PBXBuildFile; fileRef = E078F01525DD725200FA2152 /* CheckModel.swift */; };
/* End PBXBuildFile section */

/* Begin PBXFileReference section */
		E078EFF025DD430100FA2152 /* Change numbers.app */ = {isa = PBXFileReference; explicitFileType = wrapper.application; includeInIndex = 0; path = "Change numbers.app"; sourceTree = BUILT_PRODUCTS_DIR; };
		E078EFF325DD430100FA2152 /* AppDelegate.swift */ = {isa = PBXFileReference; lastKnownFileType = sourcecode.swift; path = AppDelegate.swift; sourceTree = "<group>"; };
		E078EFF525DD430100FA2152 /* ViewController.swift */ = {isa = PBXFileReference; lastKnownFileType = sourcecode.swift; path = ViewController.swift; sourceTree = "<group>"; };
		E078EFF725DD430100FA2152 /* Assets.xcassets */ = {isa = PBXFileReference; lastKnownFileType = folder.assetcatalog; path = Assets.xcassets; sourceTree = "<group>"; };
		E078EFFA25DD430100FA2152 /* Base */ = {isa = PBXFileReference; lastKnownFileType = file.storyboard; name = Base; path = Base.lproj/Main.storyboard; sourceTree = "<group>"; };
		E078EFFC25DD430100FA2152 /* Info.plist */ = {isa = PBXFileReference; lastKnownFileType = text.plist.xml; path = Info.plist; sourceTree = "<group>"; };
		E078EFFD25DD430100FA2152 /* Change_numbers.entitlements */ = {isa = PBXFileReference; lastKnownFileType = text.plist.entitlements; path = Change_numbers.entitlements; sourceTree = "<group>"; };
		E078F00C25DD45D100FA2152 /* ViewModel.swift */ = {isa = PBXFileReference; lastKnownFileType = sourcecode.swift; path = ViewModel.swift; sourceTree = "<group>"; };
		E078F01025DD46B700FA2152 /* NumberModel.swift */ = {isa = PBXFileReference; lastKnownFileType = sourcecode.swift; path = NumberModel.swift; sourceTree = "<group>"; };
		E078F01525DD725200FA2152 /* CheckModel.swift */ = {isa = PBXFileReference; lastKnownFileType = sourcecode.swift; path = CheckModel.swift; sourceTree = "<group>"; };
/* End PBXFileReference section */

/* Begin PBXFrameworksBuildPhase section */
		E078EFED25DD430100FA2152 /* Frameworks */ = {
			isa = PBXFrameworksBuildPhase;
			buildActionMask = 2147483647;
			files = (
			);
			runOnlyForDeploymentPostprocessing = 0;
		};
/* End PBXFrameworksBuildPhase section */

/* Begin PBXGroup section */
		E078EFE725DD430100FA2152 = {
			isa = PBXGroup;
			children = (
				E078EFF225DD430100FA2152 /* Change numbers */,
				E078EFF125DD430100FA2152 /* Products */,
			);
			sourceTree = "<group>";
		};
		E078EFF125DD430100FA2152 /* Products */ = {
			isa = PBXGroup;
			children = (
				E078EFF025DD430100FA2152 /* Change numbers.app */,
			);
			name = Products;
			sourceTree = "<group>";
		};
		E078EFF225DD430100FA2152 /* Change numbers */ = {
			isa = PBXGroup;
			children = (
				E078EFF925DD430100FA2152 /* Main.storyboard */,
				E078F00F25DD46A600FA2152 /* Model */,
				E078F00425DD44A300FA2152 /* View */,
				E078F00B25DD45AD00FA2152 /* ViewModel */,
				E078F00625DD44B400FA2152 /* Support files */,
			);
			path = "Change numbers";
			sourceTree = "<group>";
		};
		E078F00425DD44A300FA2152 /* View */ = {
			isa = PBXGroup;
			children = (
				E078EFF525DD430100FA2152 /* ViewController.swift */,
			);
			path = View;
			sourceTree = "<group>";
		};
		E078F00625DD44B400FA2152 /* Support files */ = {
			isa = PBXGroup;
			children = (
				E078EFF325DD430100FA2152 /* AppDelegate.swift */,
				E078EFF725DD430100FA2152 /* Assets.xcassets */,
				E078EFFC25DD430100FA2152 /* Info.plist */,
				E078EFFD25DD430100FA2152 /* Change_numbers.entitlements */,
			);
			path = "Support files";
			sourceTree = "<group>";
		};
		E078F00B25DD45AD00FA2152 /* ViewModel */ = {
			isa = PBXGroup;
			children = (
				E078F00C25DD45D100FA2152 /* ViewModel.swift */,
			);
			path = ViewModel;
			sourceTree = "<group>";
		};
		E078F00F25DD46A600FA2152 /* Model */ = {
			isa = PBXGroup;
			children = (
				E078F01025DD46B700FA2152 /* NumberModel.swift */,
				E078F01525DD725200FA2152 /* CheckModel.swift */,
			);
			path = Model;
			sourceTree = "<group>";
		};
/* End PBXGroup section */

/* Begin PBXNativeTarget section */
		E078EFEF25DD430100FA2152 /* Change numbers */ = {
			isa = PBXNativeTarget;
			buildConfigurationList = E078F00025DD430100FA2152 /* Build configuration list for PBXNativeTarget "Change numbers" */;
			buildPhases = (
				E078EFEC25DD430100FA2152 /* Sources */,
				E078EFED25DD430100FA2152 /* Frameworks */,
				E078EFEE25DD430100FA2152 /* Resources */,
			);
			buildRules = (
			);
			dependencies = (
			);
			name = "Change numbers";
			productName = "Change numbers";
			productReference = E078EFF025DD430100FA2152 /* Change numbers.app */;
			productType = "com.apple.product-type.application";
		};
/* End PBXNativeTarget section */

/* Begin PBXProject section */
		E078EFE825DD430100FA2152 /* Project object */ = {
			isa = PBXProject;
			attributes = {
				LastSwiftUpdateCheck = 1240;
				LastUpgradeCheck = 1240;
				TargetAttributes = {
					E078EFEF25DD430100FA2152 = {
						CreatedOnToolsVersion = 12.4;
					};
				};
			};
			buildConfigurationList = E078EFEB25DD430100FA2152 /* Build configuration list for PBXProject "Change numbers" */;
			compatibilityVersion = "Xcode 9.3";
			developmentRegion = en;
			hasScannedForEncodings = 0;
			knownRegions = (
				en,
				Base,
			);
			mainGroup = E078EFE725DD430100FA2152;
			productRefGroup = E078EFF125DD430100FA2152 /* Products */;
			projectDirPath = "";
			projectRoot = "";
			targets = (
				E078EFEF25DD430100FA2152 /* Change numbers */,
			);
		};
/* End PBXProject section */

/* Begin PBXResourcesBuildPhase section */
		E078EFEE25DD430100FA2152 /* Resources */ = {
			isa = PBXResourcesBuildPhase;
			buildActionMask = 2147483647;
			files = (
				E078EFF825DD430100FA2152 /* Assets.xcassets in Resources */,
				E078EFFB25DD430100FA2152 /* Main.storyboard in Resources */,
			);
			runOnlyForDeploymentPostprocessing = 0;
		};
/* End PBXResourcesBuildPhase section */

/* Begin PBXSourcesBuildPhase section */
		E078EFEC25DD430100FA2152 /* Sources */ = {
			isa = PBXSourcesBuildPhase;
			buildActionMask = 2147483647;
			files = (
				E078F01125DD46B700FA2152 /* NumberModel.swift in Sources */,
				E078EFF625DD430100FA2152 /* ViewController.swift in Sources */,
				E078F01625DD725200FA2152 /* CheckModel.swift in Sources */,
				E078F00D25DD45D100FA2152 /* ViewModel.swift in Sources */,
				E078EFF425DD430100FA2152 /* AppDelegate.swift in Sources */,
			);
			runOnlyForDeploymentPostprocessing = 0;
		};
/* End PBXSourcesBuildPhase section */

/* Begin PBXVariantGroup section */
		E078EFF925DD430100FA2152 /* Main.storyboard */ = {
			isa = PBXVariantGroup;
			children = (
				E078EFFA25DD430100FA2152 /* Base */,
			);
			name = Main.storyboard;
			sourceTree = "<group>";
		};
/* End PBXVariantGroup section */

/* Begin XCBuildConfiguration section */
		E078EFFE25DD430100FA2152 /* Debug */ = {
			isa = XCBuildConfiguration;
			buildSettings = {
				ALWAYS_SEARCH_USER_PATHS = NO;
				CLANG_ANALYZER_NONNULL = YES;
				CLANG_ANALYZER_NUMBER_OBJECT_CONVERSION = YES_AGGRESSIVE;
				CLANG_CXX_LANGUAGE_STANDARD = "gnu++14";
				CLANG_CXX_LIBRARY = "libc++";
				CLANG_ENABLE_MODULES = YES;
				CLANG_ENABLE_OBJC_ARC = YES;
				CLANG_ENABLE_OBJC_WEAK = YES;
				CLANG_WARN_BLOCK_CAPTURE_AUTORELEASING = YES;
				CLANG_WARN_BOOL_CONVERSION = YES;
				CLANG_WARN_COMMA = YES;
				CLANG_WARN_CONSTANT_CONVERSION = YES;
				CLANG_WARN_DEPRECATED_OBJC_IMPLEMENTATIONS = YES;
				CLANG_WARN_DIRECT_OBJC_ISA_USAGE = YES_ERROR;
				CLANG_WARN_DOCUMENTATION_COMMENTS = YES;
				CLANG_WARN_EMPTY_BODY = YES;
				CLANG_WARN_ENUM_CONVERSION = YES;
				CLANG_WARN_INFINITE_RECURSION = YES;
				CLANG_WARN_INT_CONVERSION = YES;
				CLANG_WARN_NON_LITERAL_NULL_CONVERSION = YES;
				CLANG_WARN_OBJC_IMPLICIT_RETAIN_SELF = YES;
				CLANG_WARN_OBJC_LITERAL_CONVERSION = YES;
				CLANG_WARN_OBJC_ROOT_CLASS = YES_ERROR;
				CLANG_WARN_QUOTED_INCLUDE_IN_FRAMEWORK_HEADER = YES;
				CLANG_WARN_RANGE_LOOP_ANALYSIS = YES;
				CLANG_WARN_STRICT_PROTOTYPES = YES;
				CLANG_WARN_SUSPICIOUS_MOVE = YES;
				CLANG_WARN_UNGUARDED_AVAILABILITY = YES_AGGRESSIVE;
				CLANG_WARN_UNREACHABLE_CODE = YES;
				CLANG_WARN__DUPLICATE_METHOD_MATCH = YES;
				COPY_PHASE_STRIP = NO;
				DEBUG_INFORMATION_FORMAT = dwarf;
				ENABLE_STRICT_OBJC_MSGSEND = YES;
				ENABLE_TESTABILITY = YES;
				GCC_C_LANGUAGE_STANDARD = gnu11;
				GCC_DYNAMIC_NO_PIC = NO;
				GCC_NO_COMMON_BLOCKS = YES;
				GCC_OPTIMIZATION_LEVEL = 0;
				GCC_PREPROCESSOR_DEFINITIONS = (
					"DEBUG=1",
					"$(inherited)",
				);
				GCC_WARN_64_TO_32_BIT_CONVERSION = YES;
				GCC_WARN_ABOUT_RETURN_TYPE = YES_ERROR;
				GCC_WARN_UNDECLARED_SELECTOR = YES;
				GCC_WARN_UNINITIALIZED_AUTOS = YES_AGGRESSIVE;
				GCC_WARN_UNUSED_FUNCTION = YES;
				GCC_WARN_UNUSED_VARIABLE = YES;
				MACOSX_DEPLOYMENT_TARGET = 11.1;
				MTL_ENABLE_DEBUG_INFO = INCLUDE_SOURCE;
				MTL_FAST_MATH = YES;
				ONLY_ACTIVE_ARCH = YES;
				SDKROOT = macosx;
				SWIFT_ACTIVE_COMPILATION_CONDITIONS = DEBUG;
				SWIFT_OPTIMIZATION_LEVEL = "-Onone";
			};
			name = Debug;
		};
		E078EFFF25DD430100FA2152 /* Release */ = {
			isa = XCBuildConfiguration;
			buildSettings = {
				ALWAYS_SEARCH_USER_PATHS = NO;
				CLANG_ANALYZER_NONNULL = YES;
				CLANG_ANALYZER_NUMBER_OBJECT_CONVERSION = YES_AGGRESSIVE;
				CLANG_CXX_LANGUAGE_STANDARD = "gnu++14";
				CLANG_CXX_LIBRARY = "libc++";
				CLANG_ENABLE_MODULES = YES;
				CLANG_ENABLE_OBJC_ARC = YES;
				CLANG_ENABLE_OBJC_WEAK = YES;
				CLANG_WARN_BLOCK_CAPTURE_AUTORELEASING = YES;
				CLANG_WARN_BOOL_CONVERSION = YES;
				CLANG_WARN_COMMA = YES;
				CLANG_WARN_CONSTANT_CONVERSION = YES;
				CLANG_WARN_DEPRECATED_OBJC_IMPLEMENTATIONS = YES;
				CLANG_WARN_DIRECT_OBJC_ISA_USAGE = YES_ERROR;
				CLANG_WARN_DOCUMENTATION_COMMENTS = YES;
				CLANG_WARN_EMPTY_BODY = YES;
				CLANG_WARN_ENUM_CONVERSION = YES;
				CLANG_WARN_INFINITE_RECURSION = YES;
				CLANG_WARN_INT_CONVERSION = YES;
				CLANG_WARN_NON_LITERAL_NULL_CONVERSION = YES;
				CLANG_WARN_OBJC_IMPLICIT_RETAIN_SELF = YES;
				CLANG_WARN_OBJC_LITERAL_CONVERSION = YES;
				CLANG_WARN_OBJC_ROOT_CLASS = YES_ERROR;
				CLANG_WARN_QUOTED_INCLUDE_IN_FRAMEWORK_HEADER = YES;
				CLANG_WARN_RANGE_LOOP_ANALYSIS = YES;
				CLANG_WARN_STRICT_PROTOTYPES = YES;
				CLANG_WARN_SUSPICIOUS_MOVE = YES;
				CLANG_WARN_UNGUARDED_AVAILABILITY = YES_AGGRESSIVE;
				CLANG_WARN_UNREACHABLE_CODE = YES;
				CLANG_WARN__DUPLICATE_METHOD_MATCH = YES;
				COPY_PHASE_STRIP = NO;
				DEBUG_INFORMATION_FORMAT = "dwarf-with-dsym";
				ENABLE_NS_ASSERTIONS = NO;
				ENABLE_STRICT_OBJC_MSGSEND = YES;
				GCC_C_LANGUAGE_STANDARD = gnu11;
				GCC_NO_COMMON_BLOCKS = YES;
				GCC_WARN_64_TO_32_BIT_CONVERSION = YES;
				GCC_WARN_ABOUT_RETURN_TYPE = YES_ERROR;
				GCC_WARN_UNDECLARED_SELECTOR = YES;
				GCC_WARN_UNINITIALIZED_AUTOS = YES_AGGRESSIVE;
				GCC_WARN_UNUSED_FUNCTION = YES;
				GCC_WARN_UNUSED_VARIABLE = YES;
				MACOSX_DEPLOYMENT_TARGET = 11.1;
				MTL_ENABLE_DEBUG_INFO = NO;
				MTL_FAST_MATH = YES;
				SDKROOT = macosx;
				SWIFT_COMPILATION_MODE = wholemodule;
				SWIFT_OPTIMIZATION_LEVEL = "-O";
			};
			name = Release;
		};
		E078F00125DD430100FA2152 /* Debug */ = {
			isa = XCBuildConfiguration;
			buildSettings = {
				ASSETCATALOG_COMPILER_APPICON_NAME = AppIcon;
				ASSETCATALOG_COMPILER_GLOBAL_ACCENT_COLOR_NAME = AccentColor;
				CODE_SIGN_ENTITLEMENTS = "Change numbers/Support files/Change_numbers.entitlements";
				CODE_SIGN_STYLE = Automatic;
				COMBINE_HIDPI_IMAGES = YES;
				DEVELOPMENT_TEAM = VWW7MQ2767;
				ENABLE_HARDENED_RUNTIME = YES;
				INFOPLIST_FILE = "$(SRCROOT)/Change numbers/Support files/Info.plist";
				LD_RUNPATH_SEARCH_PATHS = (
					"$(inherited)",
					"@executable_path/../Frameworks",
				);
				PRODUCT_BUNDLE_IDENTIFIER = "com.hutr0.Change-numbers";
				PRODUCT_NAME = "$(TARGET_NAME)";
				SWIFT_VERSION = 5.0;
			};
			name = Debug;
		};
		E078F00225DD430100FA2152 /* Release */ = {
			isa = XCBuildConfiguration;
			buildSettings = {
				ASSETCATALOG_COMPILER_APPICON_NAME = AppIcon;
				ASSETCATALOG_COMPILER_GLOBAL_ACCENT_COLOR_NAME = AccentColor;
				CODE_SIGN_ENTITLEMENTS = "Change numbers/Support files/Change_numbers.entitlements";
				CODE_SIGN_STYLE = Automatic;
				COMBINE_HIDPI_IMAGES = YES;
				DEVELOPMENT_TEAM = VWW7MQ2767;
				ENABLE_HARDENED_RUNTIME = YES;
				INFOPLIST_FILE = "$(SRCROOT)/Change numbers/Support files/Info.plist";
				LD_RUNPATH_SEARCH_PATHS = (
					"$(inherited)",
					"@executable_path/../Frameworks",
				);
				PRODUCT_BUNDLE_IDENTIFIER = "com.hutr0.Change-numbers";
				PRODUCT_NAME = "$(TARGET_NAME)";
				SWIFT_VERSION = 5.0;
			};
			name = Release;
		};
/* End XCBuildConfiguration section */

/* Begin XCConfigurationList section */
		E078EFEB25DD430100FA2152 /* Build configuration list for PBXProject "Change numbers" */ = {
			isa = XCConfigurationList;
			buildConfigurations = (
				E078EFFE25DD430100FA2152 /* Debug */,
				E078EFFF25DD430100FA2152 /* Release */,
			);
			defaultConfigurationIsVisible = 0;
			defaultConfigurationName = Release;
		};
		E078F00025DD430100FA2152 /* Build configuration list for PBXNativeTarget "Change numbers" */ = {
			isa = XCConfigurationList;
			buildConfigurations = (
				E078F00125DD430100FA2152 /* Debug */,
				E078F00225DD430100FA2152 /* Release */,
			);
			defaultConfigurationIsVisible = 0;
			defaultConfigurationName = Release;
		};
/* End XCConfigurationList section */
	};
	rootObject = E078EFE825DD430100FA2152 /* Project object */;
}
